
Microsoft Visual Studio Solution File, Format Version 12.00
# Visual Studio Version 16
VisualStudioVersion = 16.0.32802.440
MinimumVisualStudioVersion = 10.0.40219.1
Project("{9A19103F-16F7-4668-BE54-9A1E7A4F7556}") = "Aplicación de sereñas", "Aplicación de sereñas\Aplicación de sereñas.csproj", "{D0159126-A559-4B72-A500-1C616CFB3641}"
EndProject
Project("{9A19103F-16F7-4668-BE54-9A1E7A4F7556}") = "Dominio", "Dominio\Dominio.csproj", "{5F86ABB6-3C96-43F7-B795-2FE4109E0F80}"
EndProject
Project("{FAE04EC0-301F-11D3-BF4B-00C04F79EFBC}") = "Obligatorio Web", "Obligatorio Web\Obligatorio Web.csproj", "{F5D8A482-C26D-451C-A504-BC252151939F}"
EndProject
Global
	GlobalSection(SolutionConfigurationPlatforms) = preSolution
		Debug|Any CPU = Debug|Any CPU
		Release|Any CPU = Release|Any CPU
	EndGlobalSection
	GlobalSection(ProjectConfigurationPlatforms) = postSolution
		{D0159126-A559-4B72-A500-1C616CFB3641}.Debug|Any CPU.ActiveCfg = Debug|Any CPU
		{D0159126-A559-4B72-A500-1C616CFB3641}.Debug|Any CPU.Build.0 = Debug|Any CPU
		{D0159126-A559-4B72-A500-1C616CFB3641}.Release|Any CPU.ActiveCfg = Release|Any CPU
		{D0159126-A559-4B72-A500-1C616CFB3641}.Release|Any CPU.Build.0 = Release|Any CPU
		{5F86ABB6-3C96-43F7-B795-2FE4109E0F80}.Debug|Any CPU.ActiveCfg = Debug|Any CPU
		{5F86ABB6-3C96-43F7-B795-2FE4109E0F80}.Debug|Any CPU.Build.0 = Debug|Any CPU
		{5F86ABB6-3C96-43F7-B795-2FE4109E0F80}.Release|Any CPU.ActiveCfg = Release|Any CPU
		{5F86ABB6-3C96-43F7-B795-2FE4109E0F80}.Release|Any CPU.Build.0 = Release|Any CPU
		{F5D8A482-C26D-451C-A504-BC252151939F}.Debug|Any CPU.ActiveCfg = Debug|Any CPU
		{F5D8A482-C26D-451C-A504-BC252151939F}.Debug|Any CPU.Build.0 = Debug|Any CPU
		{F5D8A482-C26D-451C-A504-BC252151939F}.Release|Any CPU.ActiveCfg = Release|Any CPU
		{F5D8A482-C26D-451C-A504-BC252151939F}.Release|Any CPU.Build.0 = Release|Any CPU
	EndGlobalSection
	GlobalSection(SolutionProperties) = preSolution
		HideSolutionNode = FALSE
	EndGlobalSection
	GlobalSection(ExtensibilityGlobals) = postSolution
		SolutionGuid = {846CEEA1-710D-4CAD-BC67-DCFD4C30D950}
	EndGlobalSection
EndGlobal
